
Microsoft Visual Studio Solution File, Format Version 12.00
# Visual Studio 15
VisualStudioVersion = 15.0.27428.2037
MinimumVisualStudioVersion = 10.0.40219.1
Project("{888888A0-9F3D-457C-B088-3A5042F75D52}") = "STEP_1", "STEP_1\STEP_1.pyproj", "{4A449908-FB66-4C08-859B-4B1DC78EB52E}"
EndProject
Global
	GlobalSection(SolutionConfigurationPlatforms) = preSolution
		Debug|Any CPU = Debug|Any CPU
		Release|Any CPU = Release|Any CPU
	EndGlobalSection
	GlobalSection(ProjectConfigurationPlatforms) = postSolution
		{4A449908-FB66-4C08-859B-4B1DC78EB52E}.Debug|Any CPU.ActiveCfg = Debug|Any CPU
		{4A449908-FB66-4C08-859B-4B1DC78EB52E}.Release|Any CPU.ActiveCfg = Release|Any CPU
	EndGlobalSection
	GlobalSection(SolutionProperties) = preSolution
		HideSolutionNode = FALSE
	EndGlobalSection
	GlobalSection(ExtensibilityGlobals) = postSolution
		SolutionGuid = {36C762C2-67AE-4109-8D64-E93B9EB04DD7}
	EndGlobalSection
EndGlobal
