
Microsoft Visual Studio Solution File, Format Version 12.00
# Visual Studio 15
VisualStudioVersion = 15.0.27130.2026
MinimumVisualStudioVersion = 10.0.40219.1
Project("{888888A0-9F3D-457C-B088-3A5042F75D52}") = "STEP_4", "STEP_4\STEP_4.pyproj", "{378876EF-629F-4D42-8885-948CF5BA5811}"
EndProject
Global
	GlobalSection(SolutionConfigurationPlatforms) = preSolution
		Debug|Any CPU = Debug|Any CPU
		Release|Any CPU = Release|Any CPU
	EndGlobalSection
	GlobalSection(ProjectConfigurationPlatforms) = postSolution
		{378876EF-629F-4D42-8885-948CF5BA5811}.Debug|Any CPU.ActiveCfg = Debug|Any CPU
		{378876EF-629F-4D42-8885-948CF5BA5811}.Release|Any CPU.ActiveCfg = Release|Any CPU
	EndGlobalSection
	GlobalSection(SolutionProperties) = preSolution
		HideSolutionNode = FALSE
	EndGlobalSection
	GlobalSection(ExtensibilityGlobals) = postSolution
		SolutionGuid = {FBFD0BD8-224F-4481-BBD1-061599528920}
	EndGlobalSection
EndGlobal
